
Microsoft Visual Studio Solution File, Format Version 12.00
# Visual Studio Version 16
VisualStudioVersion = 16.0.31025.194
MinimumVisualStudioVersion = 10.0.40219.1
Project("{FAE04EC0-301F-11D3-BF4B-00C04F79EFBC}") = "WebApplication1", "WebApplication1\WebApplication1.csproj", "{E708065A-A749-42BE-8246-3F4C13104191}"
EndProject
Global
	GlobalSection(SolutionConfigurationPlatforms) = preSolution
		Debug|Any CPU = Debug|Any CPU
		Release|Any CPU = Release|Any CPU
	EndGlobalSection
	GlobalSection(ProjectConfigurationPlatforms) = postSolution
		{E708065A-A749-42BE-8246-3F4C13104191}.Debug|Any CPU.ActiveCfg = Debug|Any CPU
		{E708065A-A749-42BE-8246-3F4C13104191}.Debug|Any CPU.Build.0 = Debug|Any CPU
		{E708065A-A749-42BE-8246-3F4C13104191}.Release|Any CPU.ActiveCfg = Release|Any CPU
		{E708065A-A749-42BE-8246-3F4C13104191}.Release|Any CPU.Build.0 = Release|Any CPU
	EndGlobalSection
	GlobalSection(SolutionProperties) = preSolution
		HideSolutionNode = FALSE
	EndGlobalSection
	GlobalSection(ExtensibilityGlobals) = postSolution
		SolutionGuid = {9FEA43F4-CD06-4DFE-8EC1-6A479C733AF8}
	EndGlobalSection
EndGlobal
