
Microsoft Visual Studio Solution File, Format Version 12.00
# Visual Studio Version 16
VisualStudioVersion = 16.0.31112.23
MinimumVisualStudioVersion = 10.0.40219.1
Project("{FAE04EC0-301F-11D3-BF4B-00C04F79EFBC}") = "AsParallelDemoHakan", "AsParallelDemoHakan\AsParallelDemoHakan.csproj", "{FB99EF4E-1D17-41FF-B76F-43AE9DDCB3EF}"
EndProject
Global
	GlobalSection(SolutionConfigurationPlatforms) = preSolution
		Debug|Any CPU = Debug|Any CPU
		Release|Any CPU = Release|Any CPU
	EndGlobalSection
	GlobalSection(ProjectConfigurationPlatforms) = postSolution
		{FB99EF4E-1D17-41FF-B76F-43AE9DDCB3EF}.Debug|Any CPU.ActiveCfg = Debug|Any CPU
		{FB99EF4E-1D17-41FF-B76F-43AE9DDCB3EF}.Debug|Any CPU.Build.0 = Debug|Any CPU
		{FB99EF4E-1D17-41FF-B76F-43AE9DDCB3EF}.Release|Any CPU.ActiveCfg = Release|Any CPU
		{FB99EF4E-1D17-41FF-B76F-43AE9DDCB3EF}.Release|Any CPU.Build.0 = Release|Any CPU
	EndGlobalSection
	GlobalSection(SolutionProperties) = preSolution
		HideSolutionNode = FALSE
	EndGlobalSection
	GlobalSection(ExtensibilityGlobals) = postSolution
		SolutionGuid = {A3478442-BD97-484D-8423-484F1D4CB344}
	EndGlobalSection
EndGlobal
